
Microsoft Visual Studio Solution File, Format Version 12.00
# Visual Studio Version 17
VisualStudioVersion = 17.8.34511.84
MinimumVisualStudioVersion = 10.0.40219.1
Project("{FAE04EC0-301F-11D3-BF4B-00C04F79EFBC}") = "COMP003A.Assignment1", "COMP003A.Assignment1\COMP003A.Assignment1.csproj", "{70F3847A-49CD-44B6-A43D-5F9124F04F19}"
EndProject
Global
	GlobalSection(SolutionConfigurationPlatforms) = preSolution
		Debug|Any CPU = Debug|Any CPU
		Release|Any CPU = Release|Any CPU
	EndGlobalSection
	GlobalSection(ProjectConfigurationPlatforms) = postSolution
		{70F3847A-49CD-44B6-A43D-5F9124F04F19}.Debug|Any CPU.ActiveCfg = Debug|Any CPU
		{70F3847A-49CD-44B6-A43D-5F9124F04F19}.Debug|Any CPU.Build.0 = Debug|Any CPU
		{70F3847A-49CD-44B6-A43D-5F9124F04F19}.Release|Any CPU.ActiveCfg = Release|Any CPU
		{70F3847A-49CD-44B6-A43D-5F9124F04F19}.Release|Any CPU.Build.0 = Release|Any CPU
	EndGlobalSection
	GlobalSection(SolutionProperties) = preSolution
		HideSolutionNode = FALSE
	EndGlobalSection
	GlobalSection(ExtensibilityGlobals) = postSolution
		SolutionGuid = {C46FA3E7-CD38-421B-8C30-718C18C795E6}
	EndGlobalSection
EndGlobal
